
Microsoft Visual Studio Solution File, Format Version 12.00
# Visual Studio Version 17
VisualStudioVersion = 17.1.32210.238
MinimumVisualStudioVersion = 10.0.40219.1
Project("{9A19103F-16F7-4668-BE54-9A1E7A4F7556}") = "AgeCalculator-three parameters", "AgeCalculator\AgeCalculator-three parameters.csproj", "{E3D3BE3C-0485-4C87-81DD-C47B91B32EFB}"
EndProject
Project("{9A19103F-16F7-4668-BE54-9A1E7A4F7556}") = "HumanClassCreation", "HumanClass\HumanClassCreation.csproj", "{9D39EC51-E696-42BC-8E1A-AD0DB73A483C}"
EndProject
Project("{9A19103F-16F7-4668-BE54-9A1E7A4F7556}") = "AgeCalculator-one parameter", "AgeCalculator2\AgeCalculator-one parameter.csproj", "{2A8CA557-B304-46A5-A75A-47AA5DC3EBBC}"
EndProject
Global
	GlobalSection(SolutionConfigurationPlatforms) = preSolution
		Debug|Any CPU = Debug|Any CPU
		Release|Any CPU = Release|Any CPU
	EndGlobalSection
	GlobalSection(ProjectConfigurationPlatforms) = postSolution
		{E3D3BE3C-0485-4C87-81DD-C47B91B32EFB}.Debug|Any CPU.ActiveCfg = Debug|Any CPU
		{E3D3BE3C-0485-4C87-81DD-C47B91B32EFB}.Debug|Any CPU.Build.0 = Debug|Any CPU
		{E3D3BE3C-0485-4C87-81DD-C47B91B32EFB}.Release|Any CPU.ActiveCfg = Release|Any CPU
		{E3D3BE3C-0485-4C87-81DD-C47B91B32EFB}.Release|Any CPU.Build.0 = Release|Any CPU
		{9D39EC51-E696-42BC-8E1A-AD0DB73A483C}.Debug|Any CPU.ActiveCfg = Debug|Any CPU
		{9D39EC51-E696-42BC-8E1A-AD0DB73A483C}.Debug|Any CPU.Build.0 = Debug|Any CPU
		{9D39EC51-E696-42BC-8E1A-AD0DB73A483C}.Release|Any CPU.ActiveCfg = Release|Any CPU
		{9D39EC51-E696-42BC-8E1A-AD0DB73A483C}.Release|Any CPU.Build.0 = Release|Any CPU
		{2A8CA557-B304-46A5-A75A-47AA5DC3EBBC}.Debug|Any CPU.ActiveCfg = Debug|Any CPU
		{2A8CA557-B304-46A5-A75A-47AA5DC3EBBC}.Debug|Any CPU.Build.0 = Debug|Any CPU
		{2A8CA557-B304-46A5-A75A-47AA5DC3EBBC}.Release|Any CPU.ActiveCfg = Release|Any CPU
		{2A8CA557-B304-46A5-A75A-47AA5DC3EBBC}.Release|Any CPU.Build.0 = Release|Any CPU
	EndGlobalSection
	GlobalSection(SolutionProperties) = preSolution
		HideSolutionNode = FALSE
	EndGlobalSection
	GlobalSection(ExtensibilityGlobals) = postSolution
		SolutionGuid = {F8694C8C-382C-4412-9049-A82FF07D3F32}
	EndGlobalSection
EndGlobal
