
Microsoft Visual Studio Solution File, Format Version 12.00
# Visual Studio Version 17
VisualStudioVersion = 17.1.32210.238
MinimumVisualStudioVersion = 10.0.40219.1
Project("{FAE04EC0-301F-11D3-BF4B-00C04F79EFBC}") = "Queue", "Queue\Queue.csproj", "{BC2EADFA-1ABD-4312-8C8B-9E8ADA4CEF58}"
EndProject
Project("{FAE04EC0-301F-11D3-BF4B-00C04F79EFBC}") = "List", "List\List.csproj", "{838AF942-6C9A-4B8C-AD01-9FA18294EDBD}"
EndProject
Project("{FAE04EC0-301F-11D3-BF4B-00C04F79EFBC}") = "ClassAnimalLINQ", "ClassAnimalLINQ\ClassAnimalLINQ.csproj", "{A7137F7B-09B0-43E7-9273-200FAB64B157}"
EndProject
Global
	GlobalSection(SolutionConfigurationPlatforms) = preSolution
		Debug|Any CPU = Debug|Any CPU
		Release|Any CPU = Release|Any CPU
	EndGlobalSection
	GlobalSection(ProjectConfigurationPlatforms) = postSolution
		{BC2EADFA-1ABD-4312-8C8B-9E8ADA4CEF58}.Debug|Any CPU.ActiveCfg = Debug|Any CPU
		{BC2EADFA-1ABD-4312-8C8B-9E8ADA4CEF58}.Debug|Any CPU.Build.0 = Debug|Any CPU
		{BC2EADFA-1ABD-4312-8C8B-9E8ADA4CEF58}.Release|Any CPU.ActiveCfg = Release|Any CPU
		{BC2EADFA-1ABD-4312-8C8B-9E8ADA4CEF58}.Release|Any CPU.Build.0 = Release|Any CPU
		{838AF942-6C9A-4B8C-AD01-9FA18294EDBD}.Debug|Any CPU.ActiveCfg = Debug|Any CPU
		{838AF942-6C9A-4B8C-AD01-9FA18294EDBD}.Debug|Any CPU.Build.0 = Debug|Any CPU
		{838AF942-6C9A-4B8C-AD01-9FA18294EDBD}.Release|Any CPU.ActiveCfg = Release|Any CPU
		{838AF942-6C9A-4B8C-AD01-9FA18294EDBD}.Release|Any CPU.Build.0 = Release|Any CPU
		{A7137F7B-09B0-43E7-9273-200FAB64B157}.Debug|Any CPU.ActiveCfg = Debug|Any CPU
		{A7137F7B-09B0-43E7-9273-200FAB64B157}.Debug|Any CPU.Build.0 = Debug|Any CPU
		{A7137F7B-09B0-43E7-9273-200FAB64B157}.Release|Any CPU.ActiveCfg = Release|Any CPU
		{A7137F7B-09B0-43E7-9273-200FAB64B157}.Release|Any CPU.Build.0 = Release|Any CPU
	EndGlobalSection
	GlobalSection(SolutionProperties) = preSolution
		HideSolutionNode = FALSE
	EndGlobalSection
	GlobalSection(ExtensibilityGlobals) = postSolution
		SolutionGuid = {162F1BEE-E670-4D13-BF6D-F5A3449C4771}
	EndGlobalSection
EndGlobal
