
Microsoft Visual Studio Solution File, Format Version 12.00
# Visual Studio Version 17
VisualStudioVersion = 17.1.32210.238
MinimumVisualStudioVersion = 10.0.40219.1
Project("{9A19103F-16F7-4668-BE54-9A1E7A4F7556}") = "RealCalculator", "RealCalculator\RealCalculator.csproj", "{4B7162D2-A2E0-437F-AF69-A1B7BD160A11}"
EndProject
Project("{9A19103F-16F7-4668-BE54-9A1E7A4F7556}") = "Averaging", "Averaging\Averaging.csproj", "{2D33767C-6B89-4461-BF74-1BBABB4C4CF4}"
EndProject
Project("{FAE04EC0-301F-11D3-BF4B-00C04F79EFBC}") = "SwappingNumbers", "SwappingNumbers\SwappingNumbers.csproj", "{81924141-4B66-458B-B000-9F325171CFA2}"
EndProject
Global
	GlobalSection(SolutionConfigurationPlatforms) = preSolution
		Debug|Any CPU = Debug|Any CPU
		Release|Any CPU = Release|Any CPU
	EndGlobalSection
	GlobalSection(ProjectConfigurationPlatforms) = postSolution
		{4B7162D2-A2E0-437F-AF69-A1B7BD160A11}.Debug|Any CPU.ActiveCfg = Debug|Any CPU
		{4B7162D2-A2E0-437F-AF69-A1B7BD160A11}.Debug|Any CPU.Build.0 = Debug|Any CPU
		{4B7162D2-A2E0-437F-AF69-A1B7BD160A11}.Release|Any CPU.ActiveCfg = Release|Any CPU
		{4B7162D2-A2E0-437F-AF69-A1B7BD160A11}.Release|Any CPU.Build.0 = Release|Any CPU
		{2D33767C-6B89-4461-BF74-1BBABB4C4CF4}.Debug|Any CPU.ActiveCfg = Debug|Any CPU
		{2D33767C-6B89-4461-BF74-1BBABB4C4CF4}.Debug|Any CPU.Build.0 = Debug|Any CPU
		{2D33767C-6B89-4461-BF74-1BBABB4C4CF4}.Release|Any CPU.ActiveCfg = Release|Any CPU
		{2D33767C-6B89-4461-BF74-1BBABB4C4CF4}.Release|Any CPU.Build.0 = Release|Any CPU
		{81924141-4B66-458B-B000-9F325171CFA2}.Debug|Any CPU.ActiveCfg = Debug|Any CPU
		{81924141-4B66-458B-B000-9F325171CFA2}.Debug|Any CPU.Build.0 = Debug|Any CPU
		{81924141-4B66-458B-B000-9F325171CFA2}.Release|Any CPU.ActiveCfg = Release|Any CPU
		{81924141-4B66-458B-B000-9F325171CFA2}.Release|Any CPU.Build.0 = Release|Any CPU
	EndGlobalSection
	GlobalSection(SolutionProperties) = preSolution
		HideSolutionNode = FALSE
	EndGlobalSection
	GlobalSection(ExtensibilityGlobals) = postSolution
		SolutionGuid = {F493DB17-CFD1-42F4-87DF-4B1093877EA5}
	EndGlobalSection
EndGlobal
